{
  "name": "soft-ui-dashboard-main",
  "lockfileVersion": 3,
  "requires": true,
  "packages": {
    "": {
      "dependencies": {
        "edittable": "^0.1.2",
        "sweetalert2": "^11.6.13"
      }
    },
    "node_modules/edittable": {
      "version": "0.1.2",
      "resolved": "https://registry.npmjs.org/edittable/-/edittable-0.1.2.tgz",
      "integrity": "sha512-I3y8RS3YAyIpk331w+9BAwODZ24RLpPzSw8gyPt3ZCl1Cgri5YgP6KOTIuQesn0uY2rbc9wT9mOfNu3EYOuFYg=="
    },
    "node_modules/sweetalert2": {
      "version": "11.6.13",
      "resolved": "https://registry.npmjs.org/sweetalert2/-/sweetalert2-11.6.13.tgz",
      "integrity": "sha512-n5yVF0FNx1lm4XzpPyb1HIaiptzODfVyeCzmB809tpK+1bPdoKoevKOxYjrtId75DV7xuIp4r6cjn8xUAB8dPQ==",
      "funding": {
        "type": "individual",
        "url": "https://github.com/sponsors/limonte"
      }
    }
  }
}
